
Microsoft Visual Studio Solution File, Format Version 12.00
# Visual Studio Version 17
VisualStudioVersion = 17.6.33829.357
MinimumVisualStudioVersion = 10.0.40219.1
Project("{FAE04EC0-301F-11D3-BF4B-00C04F79EFBC}") = "Import", "Import\Import.csproj", "{1AA0B099-0F65-4B69-9AB6-E05CAE0A68A5}"
EndProject
Project("{FAE04EC0-301F-11D3-BF4B-00C04F79EFBC}") = "ImportTest", "ImportTest\ImportTest.csproj", "{226947B6-6461-4DAB-8B1A-495D2EBEB4DD}"
EndProject
Project("{FAE04EC0-301F-11D3-BF4B-00C04F79EFBC}") = "StocksAPI", "StocksAPI\StocksAPI.csproj", "{B2070903-A823-4B0B-AFBF-EA946D5A9702}"
EndProject
Project("{FAE04EC0-301F-11D3-BF4B-00C04F79EFBC}") = "StockHTML", "StockHTML\StockHTML.csproj", "{7A7FFD2B-1239-476E-A894-64C0F16441BE}"
EndProject
Global
	GlobalSection(SolutionConfigurationPlatforms) = preSolution
		Debug|Any CPU = Debug|Any CPU
		Release|Any CPU = Release|Any CPU
	EndGlobalSection
	GlobalSection(ProjectConfigurationPlatforms) = postSolution
		{1AA0B099-0F65-4B69-9AB6-E05CAE0A68A5}.Debug|Any CPU.ActiveCfg = Debug|Any CPU
		{1AA0B099-0F65-4B69-9AB6-E05CAE0A68A5}.Debug|Any CPU.Build.0 = Debug|Any CPU
		{1AA0B099-0F65-4B69-9AB6-E05CAE0A68A5}.Release|Any CPU.ActiveCfg = Release|Any CPU
		{1AA0B099-0F65-4B69-9AB6-E05CAE0A68A5}.Release|Any CPU.Build.0 = Release|Any CPU
		{226947B6-6461-4DAB-8B1A-495D2EBEB4DD}.Debug|Any CPU.ActiveCfg = Debug|Any CPU
		{226947B6-6461-4DAB-8B1A-495D2EBEB4DD}.Debug|Any CPU.Build.0 = Debug|Any CPU
		{226947B6-6461-4DAB-8B1A-495D2EBEB4DD}.Release|Any CPU.ActiveCfg = Release|Any CPU
		{226947B6-6461-4DAB-8B1A-495D2EBEB4DD}.Release|Any CPU.Build.0 = Release|Any CPU
		{B2070903-A823-4B0B-AFBF-EA946D5A9702}.Debug|Any CPU.ActiveCfg = Debug|Any CPU
		{B2070903-A823-4B0B-AFBF-EA946D5A9702}.Debug|Any CPU.Build.0 = Debug|Any CPU
		{B2070903-A823-4B0B-AFBF-EA946D5A9702}.Release|Any CPU.ActiveCfg = Release|Any CPU
		{B2070903-A823-4B0B-AFBF-EA946D5A9702}.Release|Any CPU.Build.0 = Release|Any CPU
		{7A7FFD2B-1239-476E-A894-64C0F16441BE}.Debug|Any CPU.ActiveCfg = Debug|Any CPU
		{7A7FFD2B-1239-476E-A894-64C0F16441BE}.Debug|Any CPU.Build.0 = Debug|Any CPU
		{7A7FFD2B-1239-476E-A894-64C0F16441BE}.Release|Any CPU.ActiveCfg = Release|Any CPU
		{7A7FFD2B-1239-476E-A894-64C0F16441BE}.Release|Any CPU.Build.0 = Release|Any CPU
	EndGlobalSection
	GlobalSection(SolutionProperties) = preSolution
		HideSolutionNode = FALSE
	EndGlobalSection
	GlobalSection(ExtensibilityGlobals) = postSolution
		SolutionGuid = {CBE124AC-017E-475C-B730-943C0B8D8E73}
	EndGlobalSection
EndGlobal
